// !$*UTF8*$!
{
	archiveVersion = 1;
	classes = {
	};
	objectVersion = 50;
	objects = {

/* Begin PBXBuildFile section */
		3E0A280520CE86C1006159BF /* AppDelegate.swift in Sources */ = {isa = PBXBuildFile; fileRef = 3E0A280420CE86C1006159BF /* AppDelegate.swift */; };
		3E0A280720CE86C1006159BF /* ViewController.swift in Sources */ = {isa = PBXBuildFile; fileRef = 3E0A280620CE86C1006159BF /* ViewController.swift */; };
		3E0A280A20CE86C1006159BF /* Main.storyboard in Resources */ = {isa = PBXBuildFile; fileRef = 3E0A280820CE86C1006159BF /* Main.storyboard */; };
		3E0A280C20CE86C3006159BF /* Assets.xcassets in Resources */ = {isa = PBXBuildFile; fileRef = 3E0A280B20CE86C3006159BF /* Assets.xcassets */; };
		3E0A280F20CE86C3006159BF /* LaunchScreen.storyboard in Resources */ = {isa = PBXBuildFile; fileRef = 3E0A280D20CE86C3006159BF /* LaunchScreen.storyboard */; };
		3E8045FD20CFC83F00E6AA5B /* CalendarView.swift in Sources */ = {isa = PBXBuildFile; fileRef = 3E8045FC20CFC83F00E6AA5B /* CalendarView.swift */; };
		3E80460320CFC96400E6AA5B /* CalendarView.xib in Resources */ = {isa = PBXBuildFile; fileRef = 3E80460220CFC96400E6AA5B /* CalendarView.xib */; };
		EA8D9EC16F70ACB399FB024B /* Pods_ActionSheetCalendarPicker.framework in Frameworks */ = {isa = PBXBuildFile; fileRef = 339FBE66F478820914D1BCD0 /* Pods_ActionSheetCalendarPicker.framework */; };
/* End PBXBuildFile section */

/* Begin PBXFileReference section */
		339FBE66F478820914D1BCD0 /* Pods_ActionSheetCalendarPicker.framework */ = {isa = PBXFileReference; explicitFileType = wrapper.framework; includeInIndex = 0; path = Pods_ActionSheetCalendarPicker.framework; sourceTree = BUILT_PRODUCTS_DIR; };
		3E0A280120CE86C1006159BF /* ActionSheetCalendarPicker.app */ = {isa = PBXFileReference; explicitFileType = wrapper.application; includeInIndex = 0; path = ActionSheetCalendarPicker.app; sourceTree = BUILT_PRODUCTS_DIR; };
		3E0A280420CE86C1006159BF /* AppDelegate.swift */ = {isa = PBXFileReference; lastKnownFileType = sourcecode.swift; path = AppDelegate.swift; sourceTree = "<group>"; };
		3E0A280620CE86C1006159BF /* ViewController.swift */ = {isa = PBXFileReference; lastKnownFileType = sourcecode.swift; path = ViewController.swift; sourceTree = "<group>"; };
		3E0A280920CE86C1006159BF /* Base */ = {isa = PBXFileReference; lastKnownFileType = file.storyboard; name = Base; path = Base.lproj/Main.storyboard; sourceTree = "<group>"; };
		3E0A280B20CE86C3006159BF /* Assets.xcassets */ = {isa = PBXFileReference; lastKnownFileType = folder.assetcatalog; path = Assets.xcassets; sourceTree = "<group>"; };
		3E0A280E20CE86C3006159BF /* Base */ = {isa = PBXFileReference; lastKnownFileType = file.storyboard; name = Base; path = Base.lproj/LaunchScreen.storyboard; sourceTree = "<group>"; };
		3E0A281020CE86C3006159BF /* Info.plist */ = {isa = PBXFileReference; lastKnownFileType = text.plist.xml; path = Info.plist; sourceTree = "<group>"; };
		3E8045F920CFC69300E6AA5B /* ActionSheetCalendarPicker-Bridging-Header.h */ = {isa = PBXFileReference; lastKnownFileType = sourcecode.c.h; path = "ActionSheetCalendarPicker-Bridging-Header.h"; sourceTree = "<group>"; };
		3E8045FC20CFC83F00E6AA5B /* CalendarView.swift */ = {isa = PBXFileReference; lastKnownFileType = sourcecode.swift; path = CalendarView.swift; sourceTree = "<group>"; };
		3E80460220CFC96400E6AA5B /* CalendarView.xib */ = {isa = PBXFileReference; lastKnownFileType = file.xib; path = CalendarView.xib; sourceTree = "<group>"; };
		790A02C5EEA1EB349B2FD91E /* Pods-ActionSheetCalendarPicker.release.xcconfig */ = {isa = PBXFileReference; includeInIndex = 1; lastKnownFileType = text.xcconfig; name = "Pods-ActionSheetCalendarPicker.release.xcconfig"; path = "Pods/Target Support Files/Pods-ActionSheetCalendarPicker/Pods-ActionSheetCalendarPicker.release.xcconfig"; sourceTree = "<group>"; };
		DCD8F84F2E0D3D7BB618E8AB /* Pods-ActionSheetCalendarPicker.debug.xcconfig */ = {isa = PBXFileReference; includeInIndex = 1; lastKnownFileType = text.xcconfig; name = "Pods-ActionSheetCalendarPicker.debug.xcconfig"; path = "Pods/Target Support Files/Pods-ActionSheetCalendarPicker/Pods-ActionSheetCalendarPicker.debug.xcconfig"; sourceTree = "<group>"; };
/* End PBXFileReference section */

/* Begin PBXFrameworksBuildPhase section */
		3E0A27FE20CE86C1006159BF /* Frameworks */ = {
			isa = PBXFrameworksBuildPhase;
			buildActionMask = 2147483647;
			files = (
				EA8D9EC16F70ACB399FB024B /* Pods_ActionSheetCalendarPicker.framework in Frameworks */,
			);
			runOnlyForDeploymentPostprocessing = 0;
		};
/* End PBXFrameworksBuildPhase section */

/* Begin PBXGroup section */
		3E0A27F820CE86C1006159BF = {
			isa = PBXGroup;
			children = (
				3E0A280320CE86C1006159BF /* ActionSheetCalendarPicker */,
				3E0A280220CE86C1006159BF /* Products */,
				D9152E71201B9300097A8E75 /* Pods */,
				D56F1F613B1AC1B5D06165C5 /* Frameworks */,
			);
			sourceTree = "<group>";
		};
		3E0A280220CE86C1006159BF /* Products */ = {
			isa = PBXGroup;
			children = (
				3E0A280120CE86C1006159BF /* ActionSheetCalendarPicker.app */,
			);
			name = Products;
			sourceTree = "<group>";
		};
		3E0A280320CE86C1006159BF /* ActionSheetCalendarPicker */ = {
			isa = PBXGroup;
			children = (
				3E0A280420CE86C1006159BF /* AppDelegate.swift */,
				3E0A280620CE86C1006159BF /* ViewController.swift */,
				3E8045FC20CFC83F00E6AA5B /* CalendarView.swift */,
				3E80460220CFC96400E6AA5B /* CalendarView.xib */,
				3E0A280820CE86C1006159BF /* Main.storyboard */,
				3E0A280B20CE86C3006159BF /* Assets.xcassets */,
				3E0A280D20CE86C3006159BF /* LaunchScreen.storyboard */,
				3E0A281020CE86C3006159BF /* Info.plist */,
				3E8045F920CFC69300E6AA5B /* ActionSheetCalendarPicker-Bridging-Header.h */,
			);
			path = ActionSheetCalendarPicker;
			sourceTree = "<group>";
		};
		D56F1F613B1AC1B5D06165C5 /* Frameworks */ = {
			isa = PBXGroup;
			children = (
				339FBE66F478820914D1BCD0 /* Pods_ActionSheetCalendarPicker.framework */,
			);
			name = Frameworks;
			sourceTree = "<group>";
		};
		D9152E71201B9300097A8E75 /* Pods */ = {
			isa = PBXGroup;
			children = (
				DCD8F84F2E0D3D7BB618E8AB /* Pods-ActionSheetCalendarPicker.debug.xcconfig */,
				790A02C5EEA1EB349B2FD91E /* Pods-ActionSheetCalendarPicker.release.xcconfig */,
			);
			name = Pods;
			sourceTree = "<group>";
		};
/* End PBXGroup section */

/* Begin PBXNativeTarget section */
		3E0A280020CE86C1006159BF /* ActionSheetCalendarPicker */ = {
			isa = PBXNativeTarget;
			buildConfigurationList = 3E0A281320CE86C3006159BF /* Build configuration list for PBXNativeTarget "ActionSheetCalendarPicker" */;
			buildPhases = (
				A5219F77FC02C74E6A8224DC /* [CP] Check Pods Manifest.lock */,
				3E0A27FD20CE86C1006159BF /* Sources */,
				3E0A27FE20CE86C1006159BF /* Frameworks */,
				3E0A27FF20CE86C1006159BF /* Resources */,
				542E8B27650B50B99061A443 /* [CP] Embed Pods Frameworks */,
			);
			buildRules = (
			);
			dependencies = (
			);
			name = ActionSheetCalendarPicker;
			productName = ActionSheetCalendarPicker;
			productReference = 3E0A280120CE86C1006159BF /* ActionSheetCalendarPicker.app */;
			productType = "com.apple.product-type.application";
		};
/* End PBXNativeTarget section */

/* Begin PBXProject section */
		3E0A27F920CE86C1006159BF /* Project object */ = {
			isa = PBXProject;
			attributes = {
				LastSwiftUpdateCheck = 0940;
				LastUpgradeCheck = 0940;
				ORGANIZATIONNAME = "@kublaios";
				TargetAttributes = {
					3E0A280020CE86C1006159BF = {
						CreatedOnToolsVersion = 9.4;
						LastSwiftMigration = 0940;
					};
				};
			};
			buildConfigurationList = 3E0A27FC20CE86C1006159BF /* Build configuration list for PBXProject "ActionSheetCalendarPicker" */;
			compatibilityVersion = "Xcode 9.3";
			developmentRegion = en;
			hasScannedForEncodings = 0;
			knownRegions = (
				en,
				Base,
			);
			mainGroup = 3E0A27F820CE86C1006159BF;
			productRefGroup = 3E0A280220CE86C1006159BF /* Products */;
			projectDirPath = "";
			projectRoot = "";
			targets = (
				3E0A280020CE86C1006159BF /* ActionSheetCalendarPicker */,
			);
		};
/* End PBXProject section */

/* Begin PBXResourcesBuildPhase section */
		3E0A27FF20CE86C1006159BF /* Resources */ = {
			isa = PBXResourcesBuildPhase;
			buildActionMask = 2147483647;
			files = (
				3E0A280F20CE86C3006159BF /* LaunchScreen.storyboard in Resources */,
				3E0A280C20CE86C3006159BF /* Assets.xcassets in Resources */,
				3E80460320CFC96400E6AA5B /* CalendarView.xib in Resources */,
				3E0A280A20CE86C1006159BF /* Main.storyboard in Resources */,
			);
			runOnlyForDeploymentPostprocessing = 0;
		};
/* End PBXResourcesBuildPhase section */

/* Begin PBXShellScriptBuildPhase section */
		542E8B27650B50B99061A443 /* [CP] Embed Pods Frameworks */ = {
			isa = PBXShellScriptBuildPhase;
			buildActionMask = 2147483647;
			files = (
			);
			inputPaths = (
				"${SRCROOT}/Pods/Target Support Files/Pods-ActionSheetCalendarPicker/Pods-ActionSheetCalendarPicker-frameworks.sh",
				"${BUILT_PRODUCTS_DIR}/LGAlertView/LGAlertView.framework",
			);
			name = "[CP] Embed Pods Frameworks";
			outputPaths = (
				"${TARGET_BUILD_DIR}/${FRAMEWORKS_FOLDER_PATH}/LGAlertView.framework",
			);
			runOnlyForDeploymentPostprocessing = 0;
			shellPath = /bin/sh;
			shellScript = "\"${SRCROOT}/Pods/Target Support Files/Pods-ActionSheetCalendarPicker/Pods-ActionSheetCalendarPicker-frameworks.sh\"\n";
			showEnvVarsInLog = 0;
		};
		A5219F77FC02C74E6A8224DC /* [CP] Check Pods Manifest.lock */ = {
			isa = PBXShellScriptBuildPhase;
			buildActionMask = 2147483647;
			files = (
			);
			inputPaths = (
				"${PODS_PODFILE_DIR_PATH}/Podfile.lock",
				"${PODS_ROOT}/Manifest.lock",
			);
			name = "[CP] Check Pods Manifest.lock";
			outputPaths = (
				"$(DERIVED_FILE_DIR)/Pods-ActionSheetCalendarPicker-checkManifestLockResult.txt",
			);
			runOnlyForDeploymentPostprocessing = 0;
			shellPath = /bin/sh;
			shellScript = "diff \"${PODS_PODFILE_DIR_PATH}/Podfile.lock\" \"${PODS_ROOT}/Manifest.lock\" > /dev/null\nif [ $? != 0 ] ; then\n    # print error to STDERR\n    echo \"error: The sandbox is not in sync with the Podfile.lock. Run 'pod install' or update your CocoaPods installation.\" >&2\n    exit 1\nfi\n# This output is used by Xcode 'outputs' to avoid re-running this script phase.\necho \"SUCCESS\" > \"${SCRIPT_OUTPUT_FILE_0}\"\n";
			showEnvVarsInLog = 0;
		};
/* End PBXShellScriptBuildPhase section */

/* Begin PBXSourcesBuildPhase section */
		3E0A27FD20CE86C1006159BF /* Sources */ = {
			isa = PBXSourcesBuildPhase;
			buildActionMask = 2147483647;
			files = (
				3E0A280720CE86C1006159BF /* ViewController.swift in Sources */,
				3E0A280520CE86C1006159BF /* AppDelegate.swift in Sources */,
				3E8045FD20CFC83F00E6AA5B /* CalendarView.swift in Sources */,
			);
			runOnlyForDeploymentPostprocessing = 0;
		};
/* End PBXSourcesBuildPhase section */

/* Begin PBXVariantGroup section */
		3E0A280820CE86C1006159BF /* Main.storyboard */ = {
			isa = PBXVariantGroup;
			children = (
				3E0A280920CE86C1006159BF /* Base */,
			);
			name = Main.storyboard;
			sourceTree = "<group>";
		};
		3E0A280D20CE86C3006159BF /* LaunchScreen.storyboard */ = {
			isa = PBXVariantGroup;
			children = (
				3E0A280E20CE86C3006159BF /* Base */,
			);
			name = LaunchScreen.storyboard;
			sourceTree = "<group>";
		};
/* End PBXVariantGroup section */

/* Begin XCBuildConfiguration section */
		3E0A281120CE86C3006159BF /* Debug */ = {
			isa = XCBuildConfiguration;
			buildSettings = {
				ALWAYS_SEARCH_USER_PATHS = NO;
				CLANG_ANALYZER_NONNULL = YES;
				CLANG_ANALYZER_NUMBER_OBJECT_CONVERSION = YES_AGGRESSIVE;
				CLANG_CXX_LANGUAGE_STANDARD = "gnu++14";
				CLANG_CXX_LIBRARY = "libc++";
				CLANG_ENABLE_MODULES = YES;
				CLANG_ENABLE_OBJC_ARC = YES;
				CLANG_ENABLE_OBJC_WEAK = YES;
				CLANG_WARN_BLOCK_CAPTURE_AUTORELEASING = YES;
				CLANG_WARN_BOOL_CONVERSION = YES;
				CLANG_WARN_COMMA = YES;
				CLANG_WARN_CONSTANT_CONVERSION = YES;
				CLANG_WARN_DEPRECATED_OBJC_IMPLEMENTATIONS = YES;
				CLANG_WARN_DIRECT_OBJC_ISA_USAGE = YES_ERROR;
				CLANG_WARN_DOCUMENTATION_COMMENTS = YES;
				CLANG_WARN_EMPTY_BODY = YES;
				CLANG_WARN_ENUM_CONVERSION = YES;
				CLANG_WARN_INFINITE_RECURSION = YES;
				CLANG_WARN_INT_CONVERSION = YES;
				CLANG_WARN_NON_LITERAL_NULL_CONVERSION = YES;
				CLANG_WARN_OBJC_IMPLICIT_RETAIN_SELF = YES;
				CLANG_WARN_OBJC_LITERAL_CONVERSION = YES;
				CLANG_WARN_OBJC_ROOT_CLASS = YES_ERROR;
				CLANG_WARN_RANGE_LOOP_ANALYSIS = YES;
				CLANG_WARN_STRICT_PROTOTYPES = YES;
				CLANG_WARN_SUSPICIOUS_MOVE = YES;
				CLANG_WARN_UNGUARDED_AVAILABILITY = YES_AGGRESSIVE;
				CLANG_WARN_UNREACHABLE_CODE = YES;
				CLANG_WARN__DUPLICATE_METHOD_MATCH = YES;
				CODE_SIGN_IDENTITY = "iPhone Developer";
				COPY_PHASE_STRIP = NO;
				DEBUG_INFORMATION_FORMAT = dwarf;
				ENABLE_STRICT_OBJC_MSGSEND = YES;
				ENABLE_TESTABILITY = YES;
				GCC_C_LANGUAGE_STANDARD = gnu11;
				GCC_DYNAMIC_NO_PIC = NO;
				GCC_NO_COMMON_BLOCKS = YES;
				GCC_OPTIMIZATION_LEVEL = 0;
				GCC_PREPROCESSOR_DEFINITIONS = (
					"DEBUG=1",
					"$(inherited)",
				);
				GCC_WARN_64_TO_32_BIT_CONVERSION = YES;
				GCC_WARN_ABOUT_RETURN_TYPE = YES_ERROR;
				GCC_WARN_UNDECLARED_SELECTOR = YES;
				GCC_WARN_UNINITIALIZED_AUTOS = YES_AGGRESSIVE;
				GCC_WARN_UNUSED_FUNCTION = YES;
				GCC_WARN_UNUSED_VARIABLE = YES;
				IPHONEOS_DEPLOYMENT_TARGET = 11.4;
				MTL_ENABLE_DEBUG_INFO = YES;
				ONLY_ACTIVE_ARCH = YES;
				SDKROOT = iphoneos;
				SWIFT_ACTIVE_COMPILATION_CONDITIONS = DEBUG;
				SWIFT_OPTIMIZATION_LEVEL = "-Onone";
			};
			name = Debug;
		};
		3E0A281220CE86C3006159BF /* Release */ = {
			isa = XCBuildConfiguration;
			buildSettings = {
				ALWAYS_SEARCH_USER_PATHS = NO;
				CLANG_ANALYZER_NONNULL = YES;
				CLANG_ANALYZER_NUMBER_OBJECT_CONVERSION = YES_AGGRESSIVE;
				CLANG_CXX_LANGUAGE_STANDARD = "gnu++14";
				CLANG_CXX_LIBRARY = "libc++";
				CLANG_ENABLE_MODULES = YES;
				CLANG_ENABLE_OBJC_ARC = YES;
				CLANG_ENABLE_OBJC_WEAK = YES;
				CLANG_WARN_BLOCK_CAPTURE_AUTORELEASING = YES;
				CLANG_WARN_BOOL_CONVERSION = YES;
				CLANG_WARN_COMMA = YES;
				CLANG_WARN_CONSTANT_CONVERSION = YES;
				CLANG_WARN_DEPRECATED_OBJC_IMPLEMENTATIONS = YES;
				CLANG_WARN_DIRECT_OBJC_ISA_USAGE = YES_ERROR;
				CLANG_WARN_DOCUMENTATION_COMMENTS = YES;
				CLANG_WARN_EMPTY_BODY = YES;
				CLANG_WARN_ENUM_CONVERSION = YES;
				CLANG_WARN_INFINITE_RECURSION = YES;
				CLANG_WARN_INT_CONVERSION = YES;
				CLANG_WARN_NON_LITERAL_NULL_CONVERSION = YES;
				CLANG_WARN_OBJC_IMPLICIT_RETAIN_SELF = YES;
				CLANG_WARN_OBJC_LITERAL_CONVERSION = YES;
				CLANG_WARN_OBJC_ROOT_CLASS = YES_ERROR;
				CLANG_WARN_RANGE_LOOP_ANALYSIS = YES;
				CLANG_WARN_STRICT_PROTOTYPES = YES;
				CLANG_WARN_SUSPICIOUS_MOVE = YES;
				CLANG_WARN_UNGUARDED_AVAILABILITY = YES_AGGRESSIVE;
				CLANG_WARN_UNREACHABLE_CODE = YES;
				CLANG_WARN__DUPLICATE_METHOD_MATCH = YES;
				CODE_SIGN_IDENTITY = "iPhone Developer";
				COPY_PHASE_STRIP = NO;
				DEBUG_INFORMATION_FORMAT = "dwarf-with-dsym";
				ENABLE_NS_ASSERTIONS = NO;
				ENABLE_STRICT_OBJC_MSGSEND = YES;
				GCC_C_LANGUAGE_STANDARD = gnu11;
				GCC_NO_COMMON_BLOCKS = YES;
				GCC_WARN_64_TO_32_BIT_CONVERSION = YES;
				GCC_WARN_ABOUT_RETURN_TYPE = YES_ERROR;
				GCC_WARN_UNDECLARED_SELECTOR = YES;
				GCC_WARN_UNINITIALIZED_AUTOS = YES_AGGRESSIVE;
				GCC_WARN_UNUSED_FUNCTION = YES;
				GCC_WARN_UNUSED_VARIABLE = YES;
				IPHONEOS_DEPLOYMENT_TARGET = 11.4;
				MTL_ENABLE_DEBUG_INFO = NO;
				SDKROOT = iphoneos;
				SWIFT_COMPILATION_MODE = wholemodule;
				SWIFT_OPTIMIZATION_LEVEL = "-O";
				VALIDATE_PRODUCT = YES;
			};
			name = Release;
		};
		3E0A281420CE86C3006159BF /* Debug */ = {
			isa = XCBuildConfiguration;
			baseConfigurationReference = DCD8F84F2E0D3D7BB618E8AB /* Pods-ActionSheetCalendarPicker.debug.xcconfig */;
			buildSettings = {
				ASSETCATALOG_COMPILER_APPICON_NAME = AppIcon;
				CLANG_ENABLE_MODULES = YES;
				CODE_SIGN_STYLE = Automatic;
				DEVELOPMENT_TEAM = 8S3FTRWYE7;
				INFOPLIST_FILE = ActionSheetCalendarPicker/Info.plist;
				IPHONEOS_DEPLOYMENT_TARGET = 9.0;
				LD_RUNPATH_SEARCH_PATHS = (
					"$(inherited)",
					"@executable_path/Frameworks",
				);
				PRODUCT_BUNDLE_IDENTIFIER = net.kubilayerdogan.ActionSheetCalendarPicker;
				PRODUCT_NAME = "$(TARGET_NAME)";
				SWIFT_OBJC_BRIDGING_HEADER = "ActionSheetCalendarPicker/ActionSheetCalendarPicker-Bridging-Header.h";
				SWIFT_OPTIMIZATION_LEVEL = "-Onone";
				SWIFT_VERSION = 4.0;
				TARGETED_DEVICE_FAMILY = "1,2";
			};
			name = Debug;
		};
		3E0A281520CE86C3006159BF /* Release */ = {
			isa = XCBuildConfiguration;
			baseConfigurationReference = 790A02C5EEA1EB349B2FD91E /* Pods-ActionSheetCalendarPicker.release.xcconfig */;
			buildSettings = {
				ASSETCATALOG_COMPILER_APPICON_NAME = AppIcon;
				CLANG_ENABLE_MODULES = YES;
				CODE_SIGN_STYLE = Automatic;
				DEVELOPMENT_TEAM = 8S3FTRWYE7;
				INFOPLIST_FILE = ActionSheetCalendarPicker/Info.plist;
				IPHONEOS_DEPLOYMENT_TARGET = 9.0;
				LD_RUNPATH_SEARCH_PATHS = (
					"$(inherited)",
					"@executable_path/Frameworks",
				);
				PRODUCT_BUNDLE_IDENTIFIER = net.kubilayerdogan.ActionSheetCalendarPicker;
				PRODUCT_NAME = "$(TARGET_NAME)";
				SWIFT_OBJC_BRIDGING_HEADER = "ActionSheetCalendarPicker/ActionSheetCalendarPicker-Bridging-Header.h";
				SWIFT_VERSION = 4.0;
				TARGETED_DEVICE_FAMILY = "1,2";
			};
			name = Release;
		};
/* End XCBuildConfiguration section */

/* Begin XCConfigurationList section */
		3E0A27FC20CE86C1006159BF /* Build configuration list for PBXProject "ActionSheetCalendarPicker" */ = {
			isa = XCConfigurationList;
			buildConfigurations = (
				3E0A281120CE86C3006159BF /* Debug */,
				3E0A281220CE86C3006159BF /* Release */,
			);
			defaultConfigurationIsVisible = 0;
			defaultConfigurationName = Release;
		};
		3E0A281320CE86C3006159BF /* Build configuration list for PBXNativeTarget "ActionSheetCalendarPicker" */ = {
			isa = XCConfigurationList;
			buildConfigurations = (
				3E0A281420CE86C3006159BF /* Debug */,
				3E0A281520CE86C3006159BF /* Release */,
			);
			defaultConfigurationIsVisible = 0;
			defaultConfigurationName = Release;
		};
/* End XCConfigurationList section */
	};
	rootObject = 3E0A27F920CE86C1006159BF /* Project object */;
}
